[[package]]
category = "dev"
description = "A small Python module for determining appropriate platform-specific dirs, e.g. a \"user data dir\"."
name = "appdirs"
optional = false
python-versions = "*"
version = "1.4.4"

[[package]]
category = "dev"
description = "Atomic file writes."
marker = "sys_platform == \"win32\""
name = "atomicwrites"
optional = false
python-versions = ">=2.7, !=3.0.*, !=3.1.*, !=3.2.*, !=3.3.*"
version = "1.4.0"

[[package]]
category = "dev"
description = "Classes Without Boilerplate"
name = "attrs"
optional = false
python-versions = ">=2.7, !=3.0.*, !=3.1.*, !=3.2.*, !=3.3.*"
version = "19.3.0"

[[package]]
category = "dev"
description = "The uncompromising code formatter."
name = "black"
optional = false
python-versions = ">=3.6"
version = "18.9b0"

[package.dependencies]
appdirs = "*"
attrs = ">=17.4.0"
click = ">=6.5"
toml = ">=0.9.4"

[[package]]
category = "main"
description = "Composable command line interface toolkit"
name = "click"
optional = false
python-versions = ">=2.7, !=3.0.*, !=3.1.*, !=3.2.*, !=3.3.*, !=3.4.*"
version = "7.1.2"

[[package]]
category = "dev"
description = "Cross-platform colored terminal text."
marker = "sys_platform == \"win32\""
name = "colorama"
optional = false
python-versions = ">=2.7, !=3.0.*, !=3.1.*, !=3.2.*, !=3.3.*, !=3.4.*"
version = "0.4.3"

[[package]]
category = "dev"
description = "Code coverage measurement for Python"
name = "coverage"
optional = false
python-versions = ">=2.7, !=3.0.*, !=3.1.*, !=3.2.*, !=3.3.*, !=3.4.*, <4"
version = "5.1"

[[package]]
category = "main"
description = "A simple framework for building complex web applications."
name = "flask"
optional = false
python-versions = ">=2.7, !=3.0.*, !=3.1.*, !=3.2.*, !=3.3.*, !=3.4.*"
version = "1.1.2"

[package.dependencies]
Jinja2 = ">=2.10.1"
Werkzeug = ">=0.15"
click = ">=5.1"
itsdangerous = ">=0.24"

[[package]]
category = "dev"
description = "Read metadata from Python packages"
marker = "python_version < \"3.8\""
name = "importlib-metadata"
optional = false
python-versions = "!=3.0.*,!=3.1.*,!=3.2.*,!=3.3.*,!=3.4.*,>=2.7"
version = "1.6.0"

[package.dependencies]
zipp = ">=0.5"

[[package]]
category = "main"
description = "Various helpers to pass data to untrusted environments and back."
name = "itsdangerous"
optional = false
python-versions = ">=2.7, !=3.0.*, !=3.1.*, !=3.2.*, !=3.3.*"
version = "1.1.0"

[[package]]
category = "main"
description = "A very fast and expressive template engine."
name = "jinja2"
optional = false
python-versions = ">=2.7, !=3.0.*, !=3.1.*, !=3.2.*, !=3.3.*, !=3.4.*"
version = "2.11.2"

[package.dependencies]
MarkupSafe = ">=0.23"

[[package]]
category = "main"
description = "Powerful and Pythonic XML processing library combining libxml2/libxslt with the ElementTree API."
name = "lxml"
optional = false
python-versions = ">=2.7, !=3.0.*, !=3.1.*, !=3.2.*, !=3.3.*, != 3.4.*"
version = "4.5.1"

[[package]]
category = "main"
description = "Safely add untrusted strings to HTML/XML markup."
name = "markupsafe"
optional = false
python-versions = ">=2.7,!=3.0.*,!=3.1.*,!=3.2.*,!=3.3.*"
version = "1.1.1"

[[package]]
category = "main"
description = "MongoEngine is a Python Object-Document Mapper for working with MongoDB."
name = "mongoengine"
optional = false
python-versions = ">=3.5"
version = "0.20.0"

[package.dependencies]
pymongo = ">=3.4,<4.0"

[[package]]
category = "main"
description = "Fake pymongo stub for testing simple MongoDB-dependent code"
name = "mongomock"
optional = false
python-versions = "*"
version = "3.19.0"

[package.dependencies]
sentinels = "*"
six = "*"

[[package]]
category = "dev"
description = "More routines for operating on iterables, beyond itertools"
name = "more-itertools"
optional = false
python-versions = ">=3.5"
version = "8.3.0"

[[package]]
category = "dev"
description = "Core utilities for Python packages"
name = "packaging"
optional = false
python-versions = ">=2.7, !=3.0.*, !=3.1.*, !=3.2.*, !=3.3.*"
version = "20.4"

[package.dependencies]
pyparsing = ">=2.0.2"
six = "*"

[[package]]
category = "main"
description = "comprehensive password hashing framework supporting over 30 schemes"
name = "passlib"
optional = false
python-versions = "*"
version = "1.7.2"

[[package]]
category = "main"
description = "Read and write PDFs with Python, powered by qpdf"
name = "pikepdf"
optional = false
python-versions = ">=3.5"
version = "1.13.0"

[package.dependencies]
lxml = ">=4.0"

[[package]]
category = "main"
description = "Python Imaging Library (Fork)"
name = "pillow"
optional = false
python-versions = ">=3.5"
version = "7.1.2"

[[package]]
category = "dev"
description = "plugin and hook calling mechanisms for python"
name = "pluggy"
optional = false
python-versions = ">=2.7, !=3.0.*, !=3.1.*, !=3.2.*, !=3.3.*"
version = "0.13.1"

[package.dependencies]
[package.dependencies.importlib-metadata]
python = "<3.8"
version = ">=0.12"

[[package]]
category = "dev"
description = "library with cross-python path, ini-parsing, io, code, log facilities"
name = "py"
optional = false
python-versions = ">=2.7, !=3.0.*, !=3.1.*, !=3.2.*, !=3.3.*"
version = "1.8.1"

[[package]]
category = "main"
description = "Python driver for MongoDB <http://www.mongodb.org>"
name = "pymongo"
optional = false
python-versions = "*"
version = "3.10.1"

[[package]]
category = "dev"
description = "Python parsing module"
name = "pyparsing"
optional = false
python-versions = ">=2.6, !=3.0.*, !=3.1.*, !=3.2.*"
version = "2.4.7"

[[package]]
category = "dev"
description = "pytest: simple powerful testing with Python"
name = "pytest"
optional = false
python-versions = ">=3.5"
version = "5.4.2"

[package.dependencies]
atomicwrites = ">=1.0"
attrs = ">=17.4.0"
colorama = "*"
more-itertools = ">=4.0.0"
packaging = "*"
pluggy = ">=0.12,<1.0"
py = ">=1.5.0"
wcwidth = "*"

[package.dependencies.importlib-metadata]
python = "<3.8"
version = ">=0.12"

[[package]]
category = "dev"
description = "Pytest plugin for measuring coverage."
name = "pytest-cov"
optional = false
python-versions = ">=2.7, !=3.0.*, !=3.1.*, !=3.2.*, !=3.3.*, !=3.4.*"
version = "2.9.0"

[package.dependencies]
coverage = ">=4.4"
pytest = ">=3.6"

[[package]]
category = "dev"
description = "Thin-wrapper around the mock package for easier use with py.test"
name = "pytest-mock"
optional = false
python-versions = ">=2.7, !=3.0.*, !=3.1.*, !=3.2.*, !=3.3.*"
version = "1.13.0"

[package.dependencies]
pytest = ">=2.7"

[[package]]
category = "main"
description = "The Reportlab Toolkit"
name = "reportlab"
optional = false
python-versions = "*"
version = "3.5.42"

[package.dependencies]
pillow = ">=4.0.0"

[[package]]
category = "main"
description = "A lightweight package that adds optional security headers and cookie attributes for Python web frameworks."
name = "secure"
optional = false
python-versions = ">=3"
version = "0.2.1"

[[package]]
category = "main"
description = "Various objects to denote special meanings in python"
name = "sentinels"
optional = false
python-versions = "*"
version = "1.0.0"

[[package]]
category = "main"
description = "Python 2 and 3 compatibility utilities"
name = "six"
optional = false
python-versions = ">=2.7, !=3.0.*, !=3.1.*, !=3.2.*"
version = "1.15.0"

[[package]]
category = "dev"
description = "Python Library for Tom's Obvious, Minimal Language"
name = "toml"
optional = false
python-versions = "*"
version = "0.10.1"

[[package]]
category = "dev"
description = "Measures number of Terminal column cells of wide-character codes"
name = "wcwidth"
optional = false
python-versions = "*"
version = "0.1.9"

[[package]]
category = "main"
description = "The comprehensive WSGI web application library."
name = "werkzeug"
optional = false
python-versions = ">=2.7, !=3.0.*, !=3.1.*, !=3.2.*, !=3.3.*, !=3.4.*"
version = "1.0.1"

[[package]]
category = "dev"
description = "Backport of pathlib-compatible object wrapper for zip files"
marker = "python_version < \"3.8\""
name = "zipp"
optional = false
python-versions = ">=3.6"
version = "3.1.0"

[metadata]
content-hash = "9fc8da8a70dbe5cb89c7bffcde1bd95f6ba740ac2136f6dd1043d728597c0bab"
python-versions = "^3.7"

[metadata.hashes]
appdirs = ["7d5d0167b2b1ba821647616af46a749d1c653740dd0d2415100fe26e27afdf41", "a841dacd6b99318a741b166adb07e19ee71a274450e68237b4650ca1055ab128"]
atomicwrites = ["6d1784dea7c0c8d4a5172b6c620f40b6e4cbfdf96d783691f2e1302a7b88e197", "ae70396ad1a434f9c7046fd2dd196fc04b12f9e91ffb859164193be8b6168a7a"]
attrs = ["08a96c641c3a74e44eb59afb61a24f2cb9f4d7188748e76ba4bb5edfa3cb7d1c", "f7b7ce16570fe9965acd6d30101a28f62fb4a7f9e926b3bbc9b61f8b04247e72"]
black = ["817243426042db1d36617910df579a54f1afd659adb96fc5032fcf4b36209739", "e030a9a28f542debc08acceb273f228ac422798e5215ba2a791a6ddeaaca22a5"]
click = ["d2b5255c7c6349bc1bd1e59e08cd12acbbd63ce649f2588755783aa94dfb6b1a", "dacca89f4bfadd5de3d7489b7c8a566eee0d3676333fbb50030263894c38c0dc"]
colorama = ["7d73d2a99753107a36ac6b455ee49046802e59d9d076ef8e47b61499fa29afff", "e96da0d330793e2cb9485e9ddfd918d456036c7149416295932478192f4436a1"]
coverage = ["00f1d23f4336efc3b311ed0d807feb45098fc86dee1ca13b3d6768cdab187c8a", "01333e1bd22c59713ba8a79f088b3955946e293114479bbfc2e37d522be03355", "0cb4be7e784dcdc050fc58ef05b71aa8e89b7e6636b99967fadbdba694cf2b65", "0e61d9803d5851849c24f78227939c701ced6704f337cad0a91e0972c51c1ee7", "1601e480b9b99697a570cea7ef749e88123c04b92d84cedaa01e117436b4a0a9", "2742c7515b9eb368718cd091bad1a1b44135cc72468c731302b3d641895b83d1", "2d27a3f742c98e5c6b461ee6ef7287400a1956c11421eb574d843d9ec1f772f0", "402e1744733df483b93abbf209283898e9f0d67470707e3c7516d84f48524f55", "5c542d1e62eece33c306d66fe0a5c4f7f7b3c08fecc46ead86d7916684b36d6c", "5f2294dbf7875b991c381e3d5af2bcc3494d836affa52b809c91697449d0eda6", "6402bd2fdedabbdb63a316308142597534ea8e1895f4e7d8bf7476c5e8751fef", "66460ab1599d3cf894bb6baee8c684788819b71a5dc1e8fa2ecc152e5d752019", "782caea581a6e9ff75eccda79287daefd1d2631cc09d642b6ee2d6da21fc0a4e", "79a3cfd6346ce6c13145731d39db47b7a7b859c0272f02cdb89a3bdcbae233a0", "7a5bdad4edec57b5fb8dae7d3ee58622d626fd3a0be0dfceda162a7035885ecf", "8fa0cbc7ecad630e5b0f4f35b0f6ad419246b02bc750de7ac66db92667996d24", "a027ef0492ede1e03a8054e3c37b8def89a1e3c471482e9f046906ba4f2aafd2", "a3f3654d5734a3ece152636aad89f58afc9213c6520062db3978239db122f03c", "a82b92b04a23d3c8a581fc049228bafde988abacba397d57ce95fe95e0338ab4", "acf3763ed01af8410fc36afea23707d4ea58ba7e86a8ee915dfb9ceff9ef69d0", "adeb4c5b608574a3d647011af36f7586811a2c1197c861aedb548dd2453b41cd", "b83835506dfc185a319031cf853fa4bb1b3974b1f913f5bb1a0f3d98bdcded04", "bb28a7245de68bf29f6fb199545d072d1036a1917dca17a1e75bbb919e14ee8e", "bf9cb9a9fd8891e7efd2d44deb24b86d647394b9705b744ff6f8261e6f29a730", "c317eaf5ff46a34305b202e73404f55f7389ef834b8dbf4da09b9b9b37f76dd2", "dbe8c6ae7534b5b024296464f387d57c13caa942f6d8e6e0346f27e509f0f768", "de807ae933cfb7f0c7d9d981a053772452217df2bf38e7e6267c9cbf9545a796", "dead2ddede4c7ba6cb3a721870f5141c97dc7d85a079edb4bd8d88c3ad5b20c7", "dec5202bfe6f672d4511086e125db035a52b00f1648d6407cc8e526912c0353a", "e1ea316102ea1e1770724db01998d1603ed921c54a86a2efcb03428d5417e489", "f90bfc4ad18450c80b024036eaf91e4a246ae287701aaa88eaebebf150868052"]
flask = ["4efa1ae2d7c9865af48986de8aeb8504bf32c7f3d6fdc9353d34b21f4b127060", "8a4fdd8936eba2512e9c85df320a37e694c93945b33ef33c89946a340a238557"]
importlib-metadata = ["2a688cbaa90e0cc587f1df48bdc97a6eadccdcd9c35fb3f976a09e3b5016d90f", "34513a8a0c4962bc66d35b359558fd8a5e10cd472d37aec5f66858addef32c1e"]
itsdangerous = ["321b033d07f2a4136d3ec762eac9f16a10ccd60f53c0c91af90217ace7ba1f19", "b12271b2047cb23eeb98c8b5622e2e5c5e9abd9784a153e9d8ef9cb4dd09d749"]
jinja2 = ["89aab215427ef59c34ad58735269eb58b1a5808103067f7bb9d5836c651b3bb0", "f0a4641d3cf955324a89c04f3d94663aa4d638abe8f733ecd3582848e1c37035"]
lxml = ["06748c7192eab0f48e3d35a7adae609a329c6257495d5e53878003660dc0fec6", "0790ddca3f825dd914978c94c2545dbea5f56f008b050e835403714babe62a5f", "1aa7a6197c1cdd65d974f3e4953764eee3d9c7b67e3966616b41fab7f8f516b7", "22c6d34fdb0e65d5f782a4d1a1edb52e0a8365858dafb1c08cb1d16546cf0786", "2754d4406438c83144f9ffd3628bbe2dcc6d62b20dbc5c1ec4bc4385e5d44b42", "27ee0faf8077c7c1a589573b1450743011117f1aa1a91d5ae776bbc5ca6070f2", "2b02c106709466a93ed424454ce4c970791c486d5fcdf52b0d822a7e29789626", "2d1ddce96cf15f1254a68dba6935e6e0f1fe39247de631c115e84dd404a6f031", "4f282737d187ae723b2633856085c31ae5d4d432968b7f3f478a48a54835f5c4", "51bb4edeb36d24ec97eb3e6a6007be128b720114f9a875d6b370317d62ac80b9", "7eee37c1b9815e6505847aa5e68f192e8a1b730c5c7ead39ff317fde9ce29448", "7fd88cb91a470b383aafad554c3fe1ccf6dfb2456ff0e84b95335d582a799804", "9144ce36ca0824b29ebc2e02ca186e54040ebb224292072250467190fb613b96", "925baf6ff1ef2c45169f548cc85204433e061360bfa7d01e1be7ae38bef73194", "a636346c6c0e1092ffc202d97ec1843a75937d8c98aaf6771348ad6422e44bb0", "a87dbee7ad9dce3aaefada2081843caf08a44a8f52e03e0a4cc5819f8398f2f4", "a9e3b8011388e7e373565daa5e92f6c9cb844790dc18e43073212bb3e76f7007", "afb53edf1046599991fb4a7d03e601ab5f5422a5435c47ee6ba91ec3b61416a6", "b26719890c79a1dae7d53acac5f089d66fd8cc68a81f4e4bd355e45470dc25e1", "b7462cdab6fffcda853338e1741ce99706cdf880d921b5a769202ea7b94e8528", "b77975465234ff49fdad871c08aa747aae06f5e5be62866595057c43f8d2f62c", "c47a8a5d00060122ca5908909478abce7bbf62d812e3fc35c6c802df8fb01fe7", "c79e5debbe092e3c93ca4aee44c9a7631bdd407b2871cb541b979fd350bbbc29", "d8d40e0121ca1606aa9e78c28a3a7d88a05c06b3ca61630242cded87d8ce55fa", "ee2be8b8f72a2772e72ab926a3bccebf47bb727bda41ae070dc91d1fb759b726", "f95d28193c3863132b1f55c1056036bf580b5a488d908f7d22a04ace8935a3a9", "fadd2a63a2bfd7fb604508e553d1cf68eca250b2fbdbd81213b5f6f2fbf23529"]
markupsafe = ["00bc623926325b26bb9605ae9eae8a215691f33cae5df11ca5424f06f2d1f473", "09027a7803a62ca78792ad89403b1b7a73a01c8cb65909cd876f7fcebd79b161", "09c4b7f37d6c648cb13f9230d847adf22f8171b1ccc4d5682398e77f40309235", "1027c282dad077d0bae18be6794e6b6b8c91d58ed8a8d89a89d59693b9131db5", "13d3144e1e340870b25e7b10b98d779608c02016d5184cfb9927a9f10c689f42", "24982cc2533820871eba85ba648cd53d8623687ff11cbb805be4ff7b4c971aff", "29872e92839765e546828bb7754a68c418d927cd064fd4708fab9fe9c8bb116b", "43a55c2930bbc139570ac2452adf3d70cdbb3cfe5912c71cdce1c2c6bbd9c5d1", "46c99d2de99945ec5cb54f23c8cd5689f6d7177305ebff350a58ce5f8de1669e", "500d4957e52ddc3351cabf489e79c91c17f6e0899158447047588650b5e69183", "535f6fc4d397c1563d08b88e485c3496cf5784e927af890fb3c3aac7f933ec66", "596510de112c685489095da617b5bcbbac7dd6384aeebeda4df6025d0256a81b", "62fe6c95e3ec8a7fad637b7f3d372c15ec1caa01ab47926cfdf7a75b40e0eac1", "6788b695d50a51edb699cb55e35487e430fa21f1ed838122d722e0ff0ac5ba15", "6dd73240d2af64df90aa7c4e7481e23825ea70af4b4922f8ede5b9e35f78a3b1", "717ba8fe3ae9cc0006d7c451f0bb265ee07739daf76355d06366154ee68d221e", "79855e1c5b8da654cf486b830bd42c06e8780cea587384cf6545b7d9ac013a0b", "7c1699dfe0cf8ff607dbdcc1e9b9af1755371f92a68f706051cc8c37d447c905", "88e5fcfb52ee7b911e8bb6d6aa2fd21fbecc674eadd44118a9cc3863f938e735", "8defac2f2ccd6805ebf65f5eeb132adcf2ab57aa11fdf4c0dd5169a004710e7d", "98c7086708b163d425c67c7a91bad6e466bb99d797aa64f965e9d25c12111a5e", "9add70b36c5666a2ed02b43b335fe19002ee5235efd4b8a89bfcf9005bebac0d", "9bf40443012702a1d2070043cb6291650a0841ece432556f784f004937f0f32c", "ade5e387d2ad0d7ebf59146cc00c8044acbd863725f887353a10df825fc8ae21", "b00c1de48212e4cc9603895652c5c410df699856a2853135b3967591e4beebc2", "b1282f8c00509d99fef04d8ba936b156d419be841854fe901d8ae224c59f0be5", "b2051432115498d3562c084a49bba65d97cf251f5a331c64a12ee7e04dacc51b", "ba59edeaa2fc6114428f1637ffff42da1e311e29382d81b339c1817d37ec93c6", "c8716a48d94b06bb3b2524c2b77e055fb313aeb4ea620c8dd03a105574ba704f", "cd5df75523866410809ca100dc9681e301e3c27567cf498077e8551b6d20e42f", "cdb132fc825c38e1aeec2c8aa9338310d29d337bebbd7baa06889d09a60a1fa2", "e249096428b3ae81b08327a63a485ad0878de3fb939049038579ac0ef61e17e7", "e8313f01ba26fbbe36c7be1966a7b7424942f670f38e666995b88d012765b9be"]
mongoengine = ["6e127f45f71c2bc5e72461ec297a0c20f04c3ee0bf6dd869e336226e325db6ef", "db9e5d587e5d74e52851e0e4a53fd744725bfa9918ae6070139f5ba9c62c6edf"]
mongomock = ["36aad3c6127eee9cdb52ac0186c6a60007f2412c9db715645eeccffc1258ce48", "8faaffd875732bf55e38e1420a1b7212dde8d446c5852afb4c0884c1369b328b"]
more-itertools = ["558bb897a2232f5e4f8e2399089e35aecb746e1f9191b6584a151647e89267be", "7818f596b1e87be009031c7653d01acc46ed422e6656b394b0f765ce66ed4982"]
packaging = ["4357f74f47b9c12db93624a82154e9b120fa8293699949152b22065d556079f8", "998416ba6962ae7fbd6596850b80e17859a5753ba17c32284f67bfff33784181"]
passlib = ["68c35c98a7968850e17f1b6892720764cc7eed0ef2b7cb3116a89a28e43fe177", "8d666cef936198bc2ab47ee9b0410c94adf2ba798e5a84bf220be079ae7ab6a8"]
pikepdf = ["0d0adcb7b87cd6db1c0e4d6cc4bd75f6e2ac0d5b9572285246f8c7c385faee47", "185a0731fc066eb0da8770941362f184eefa4a199b3427b41c0aaf9e34b94844", "204133c6b34e47a28ecb8aa0fa4155496eadd450564c1975b7c477d8f206bb4b", "2a77b6630ad4787c734efcd45df259e015ffea4b6f8af77ab3d10df6d766d500", "2bdb24381e67bb418f7dbb408d8d79d951b260f710c3bc978022573de4c0c77f", "2cace7333a786eba5027a9da5e524b4b2786a9d2517168c05aed5bc62154253d", "2f5479c99a03953d43b52dbb401e447a97f5988f63e706ceb3307e741d59032e", "32641d14300d56244578364729286a51f50426b96f84b4a5da94b966cdaad72a", "39459d660611ff21d55b13a7b33c53d4bc3477b3b2433e0bdeb423aaef357c60", "44b978cd94739d4276e8fe66599ec5b4d6d20f16afebe13ed50e62034d8dea1b", "641f9f420bf6fd421d6dcb5a4b8484e992d349af2fa0dbbd5af78c4b84ee14e8", "73fffc328a55107e5826928c3a921ae0507951ddbf6251500907553b63a98f5e", "764f4c46711a4a6b923201d5aad46a102cb8cd130bb6d1cad40c9e0814df5251", "7f19f7935cb403fb8fdfd01ef3845074c27275cbcecac1fdfec54758d5a29d4a", "8f57f5288e507d1e291c6c569d6e0c29038de11a878755908e8b1549105de748", "9d2efa2088baa1daa4cabada4bddda87c05b1bd88e85c59fb2d6ca7e07891595", "a0b864937915ec823770dfb1caf1f37611c20f94a82f8c5b977b08881e2a771a", "b35e286edf158b194483944066358d283471800e51fbbf66cd15a8796f96fa3a", "c7d29a9f4194b7ed6196916cf5cb6f3ff7e140ece7184c41b651830d44e2fbc2", "dabe42b4c9ffad5c675a20e9319d2f9ff6ca1e0f8f3174b603865c041b7c2c51", "e87252766b85c4a012d95103dd24eb03ec922998f1ef1c7837e06a3c9aef6319"]
pillow = ["04766c4930c174b46fd72d450674612ab44cca977ebbcc2dde722c6933290107", "0e2a3bceb0fd4e0cb17192ae506d5f082b309ffe5fc370a5667959c9b2f85fa3", "0f01e63c34f0e1e2580cc0b24e86a5ccbbfa8830909a52ee17624c4193224cd9", "12e4bad6bddd8546a2f9771485c7e3d2b546b458ae8ff79621214119ac244523", "1f694e28c169655c50bb89a3fa07f3b854d71eb47f50783621de813979ba87f3", "3d25dd8d688f7318dca6d8cd4f962a360ee40346c15893ae3b95c061cdbc4079", "4b02b9c27fad2054932e89f39703646d0c543f21d3cc5b8e05434215121c28cd", "70e3e0d99a0dcda66283a185f80697a9b08806963c6149c8e6c5f452b2aa59c0", "9744350687459234867cbebfe9df8f35ef9e1538f3e729adbd8fde0761adb705", "a0b49960110bc6ff5fead46013bcb8825d101026d466f3a4de3476defe0fb0dd", "ae2b270f9a0b8822b98655cb3a59cdb1bd54a34807c6c56b76dd2e786c3b7db3", "b37bb3bd35edf53125b0ff257822afa6962649995cbdfde2791ddb62b239f891", "b532bcc2f008e96fd9241177ec580829dee817b090532f43e54074ecffdcd97f", "b67a6c47ed963c709ed24566daa3f95a18f07d3831334da570c71da53d97d088", "b943e71c2065ade6fef223358e56c167fc6ce31c50bc7a02dd5c17ee4338e8ac", "ccc9ad2460eb5bee5642eaf75a0438d7f8887d484490d5117b98edd7f33118b7", "d23e2aa9b969cf9c26edfb4b56307792b8b374202810bd949effd1c6e11ebd6d", "eaa83729eab9c60884f362ada982d3a06beaa6cc8b084cf9f76cae7739481dfa", "ee94fce8d003ac9fd206496f2707efe9eadcb278d94c271f129ab36aa7181344", "f455efb7a98557412dc6f8e463c1faf1f1911ec2432059fa3e582b6000fc90e2", "f46e0e024346e1474083c729d50de909974237c72daca05393ee32389dabe457", "f54be399340aa602066adb63a86a6a5d4f395adfdd9da2b9a0162ea808c7b276", "f784aad988f12c80aacfa5b381ec21fd3f38f851720f652b9f33facc5101cf4d"]
pluggy = ["15b2acde666561e1298d71b523007ed7364de07029219b604cf808bfa1c765b0", "966c145cd83c96502c3c3868f50408687b38434af77734af1e9ca461a4081d2d"]
py = ["5e27081401262157467ad6e7f851b7aa402c5852dbcb3dae06768434de5752aa", "c20fdd83a5dbc0af9efd622bee9a5564e278f6380fffcacc43ba6f43db2813b0"]
pymongo = ["01b4e10027aef5bb9ecefbc26f5df3368ce34aef81df43850f701e716e3fe16d", "0fc5aa1b1acf7f61af46fe0414e6a4d0c234b339db4c03a63da48599acf1cbfc", "1396eb7151e0558b1f817e4b9d7697d5599e5c40d839a9f7270bd90af994ad82", "18e84a3ec5e73adcb4187b8e5541b2ad61d716026ed9863267e650300d8bea33", "19adf2848b80cb349b9891cc854581bbf24c338be9a3260e73159bdeb2264464", "20ee0475aa2ba437b0a14806f125d696f90a8433d820fb558fdd6f052acde103", "26798795097bdeb571f13942beef7e0b60125397811c75b7aa9214d89880dd1d", "26e707a4eb851ec27bb969b5f1413b9b2eac28fe34271fa72329100317ea7c73", "2a3c7ad01553b27ec553688a1e6445e7f40355fb37d925c11fcb50b504e367f8", "2f07b27dbf303ea53f4147a7922ce91a26b34a0011131471d8aaf73151fdee9a", "316f0cf543013d0c085e15a2c8abe0db70f93c9722c0f99b6f3318ff69477d70", "31d11a600eea0c60de22c8bdcb58cda63c762891facdcb74248c36713240987f", "334ef3ffd0df87ea83a0054454336159f8ad9c1b389e19c0032d9cb8410660e6", "358ba4693c01022d507b96a980ded855a32dbdccc3c9331d0667be5e967f30ed", "3a6568bc53103df260f5c7d2da36dffc5202b9a36c85540bba1836a774943794", "444bf2f44264578c4085bb04493bfed0e5c1b4fe7c2704504d769f955cc78fe4", "47a00b22c52ee59dffc2aad02d0bbfb20c26ec5b8de8900492bf13ad6901cf35", "4c067db43b331fc709080d441cb2e157114fec60749667d12186cc3fc8e7a951", "4c092310f804a5d45a1bcaa4191d6d016c457b6ed3982a622c35f729ff1c7f6b", "53b711b33134e292ef8499835a3df10909c58df53a2a0308f598c432e9a62892", "568d6bee70652d8a5af1cd3eec48b4ca1696fb1773b80719ebbd2925b72cb8f6", "56fa55032782b7f8e0bf6956420d11e2d4e9860598dfe9c504edec53af0fc372", "5a2c492680c61b440272341294172fa3b3751797b1ab983533a770e4fb0a67ac", "61235cc39b5b2f593086d1d38f3fc130b2d125bd8fc8621d35bc5b6bdeb92bd2", "619ac9aaf681434b4d4718d1b31aa2f0fce64f2b3f8435688fcbdc0c818b6c54", "6238ac1f483494011abde5286282afdfacd8926659e222ba9b74c67008d3a58c", "63752a72ca4d4e1386278bd43d14232f51718b409e7ac86bcf8810826b531113", "6fdc5ccb43864065d40dd838437952e9e3da9821b7eac605ba46ada77f846bdf", "7abc3a6825a346fa4621a6f63e3b662bbb9e0f6ffc32d30a459d695f20fb1a8b", "7aef381bb9ae8a3821abd7f9d4d93978dbd99072b48522e181baeffcd95b56ae", "80df3caf251fe61a3f0c9614adc6e2bfcffd1cd3345280896766712fb4b4d6d7", "95f970f34b59987dee6f360d2e7d30e181d58957b85dff929eee4423739bd151", "993257f6ca3cde55332af1f62af3e04ca89ce63c08b56a387cdd46136c72f2fa", "9c0a57390549affc2b5dda24a38de03a5c7cbc58750cd161ff5d106c3c6eec80", "a0794e987d55d2f719cc95fcf980fc62d12b80e287e6a761c4be14c60bd9fecc", "a3b98121e68bf370dd8ea09df67e916f93ea95b52fc010902312168c4d1aff5d", "a60756d55f0887023b3899e6c2923ba5f0042fb11b1d17810b4e07395404f33e", "a676bd2fbc2309092b9bbb0083d35718b5420af3a42135ebb1e4c3633f56604d", "a732838c78554c1257ff2492f5c8c4c7312d0aecd7f732149e255f3749edd5ee", "ad3dc88dfe61f0f1f9b99c6bc833ea2f45203a937a18f0d2faa57c6952656012", "ae65d65fde4135ef423a2608587c9ef585a3551fc2e4e431e7c7e527047581be", "b070a4f064a9edb70f921bfdc270725cff7a78c22036dd37a767c51393fb956f", "b6da85949aa91e9f8c521681344bd2e163de894a5492337fba8b05c409225a4f", "bbf47110765b2a999803a7de457567389253f8670f7daafb98e059c899ce9764", "bd9c1e6f92b4888ae3ef7ae23262c513b962f09f3fb3b48581dde5df7d7a860a", "c06b3f998d2d7160db58db69adfb807d2ec307e883e2f17f6b87a1ef6c723f11", "c318fb70542be16d3d4063cde6010b1e4d328993a793529c15a619251f517c39", "c4aef42e5fa4c9d5a99f751fb79caa880dac7eaf8a65121549318b984676a1b7", "c9ca545e93a9c2a3bdaa2e6e21f7a43267ff0813e8055adf2b591c13164c0c57", "da2c3220eb55c4239dd8b982e213da0b79023cac59fe54ca09365f2bc7e4ad32", "dd8055da300535eefd446b30995c0813cc4394873c9509323762a93e97c04c03", "e2b46e092ea54b732d98c476720386ff2ccd126de1e52076b470b117bff7e409", "e334c4f39a2863a239d38b5829e442a87f241a92da9941861ee6ec5d6380b7fe", "e5c54f04ca42bbb5153aec5d4f2e3d9f81e316945220ac318abd4083308143f5", "f4d06764a06b137e48db6d569dc95614d9d225c89842c885669ee8abc9f28c7a", "f96333f9d2517c752c20a35ff95de5fc2763ac8cdb1653df0f6f45d281620606"]
pyparsing = ["c203ec8783bf771a155b207279b9bccb8dea02d8f0c9e5f8ead507bc3246ecc1", "ef9d7589ef3c200abe66653d3f1ab1033c3c419ae9b9bdb1240a85b024efc88b"]
pytest = ["95c710d0a72d91c13fae35dce195633c929c3792f54125919847fdcdf7caa0d3", "eb2b5e935f6a019317e455b6da83dd8650ac9ffd2ee73a7b657a30873d67a698"]
pytest-cov = ["b6a814b8ed6247bd81ff47f038511b57fe1ce7f4cc25b9106f1a4b106f1d9322", "c87dfd8465d865655a8213859f1b4749b43448b5fae465cb981e16d52a811424"]
pytest-mock = ["67e414b3caef7bff6fc6bd83b22b5bc39147e4493f483c2679bc9d4dc485a94d", "e24a911ec96773022ebcc7030059b57cd3480b56d4f5d19b7c370ec635e6aed5"]
reportlab = ["072da175f9586fd0457242d7eb4ccf8284b65f8c4ec33ec4fa39c511ca2c6e10", "12b1deee658b6a9766e7aca061dfa52c396e984fb328178480ae11ff7717cda4", "28c56f85900bc9632ac6c44f71629a34da3a7da0904a19ecbf69ea7aec976bf3", "2ac6bf19ecc60149895273932910b7cde61bcfc6701326094078eee489265de5", "31feebbfd476201e82aecf750201acb1ea7d3b29217d2e0ca0a297d1189a78af", "330aa2b493c9a42b28c65b5b4c7de4c4f372b1292f082b1a097d56b12e2ba097", "39ae8212a07a18f0e3ee0a3bca6e5a37abac470f934e5a1a117209f989618373", "3af29daf6681fb1c6abbe8a948c6cdf241c7d9bcdce4b881076323e70b44865c", "3d33f934e13263fac098672840f8e0959643b747a516a50792868c3ae7251c37", "3ea95bcfcba08eb4030e3b62efc01ff9e547eea7887311f00685c729cabce038", "45f4aab315f301b4c184f1ee5fb4234fd1388335b191cf827ea977a98b0158dc", "497c8d56d2f98561b78d9e21d9a2a39ab9e2dd81db699f1cddcba744ba455330", "4f4463f1591cf66996a292835f04a521470cf9a479724017a9227125f49f7492", "553658b979b3e8dd662cd8c37d1955cc832b2c000f4cb6d076d8401d771dd85f", "5a8430eed5fc7d15c868fdf5673c94440710e7d1a77ea5bbd4f634e3e6fb5f9c", "5cc32b8ce94c9345fe59af2cbf47edb1c1615304b67f522957666485f87694f7", "5d851a20981e6ea29b643e59807997ca96ceeded4bf431ba9618171d8e383091", "64f7cfa75b9b9a1eebf2a3fe5667a01953e1cb8946b0d14f165b9381ec2fdbaf", "650ec96cc3cb86ae27987db5d36abe530ef45ec67032c4633c776dd3ab016ca4", "6771e0875203d130f1f9c9c04f26084178cb4720552580af8b393cf70c4943a5", "67f5b94ba44a4e764974b0ee9d2f574c593c11ec1cb19aedd17a1bebc35a597e", "6d6815a925c071a0b887c968d39527e9b3db962a151d2aabdd954beafd4431ad", "6e6e3041b742a73c71c0dc49875524338998cbf6a498077e40d4589f8448f3ed", "6fb58a2fdc725a601d225f377b3e1cc3837f8f560cc6c2ceeb8028010031fd65", "7c36e52452147e64a48a05ac56340b45aa3f0c64f2b2e38145ea15190c369621", "8194698254932234a1164694a5b8c84d8010db6ff71a8985c6133d21ed9767ea", "9c21f202697a6cea57b9d716288fc919d99cbabeb30222eebfc7ff77eac32744", "9ffbdbac35c084c2026c4d978498017b5433a61adfe6c1e500c506d38707b39c", "ab6acd99073081d708339e26475e93fe48139233a2ab7f43fc54560e1e00155a", "bd1c855249f5508a50e3ddc7b4e957e4a537597bd41e66e71bdc027bbcfa7534", "c14de6b939ad2ea63e4149e3e4eae1089e20afae1ef805345f73193f25ac9e5f", "cb24edd3e659c783abee1162559cc2a94537974fc73d73da7e3a7021b1ab9803", "d144680292a868cbfe02db25eecbf53623af02e42ff05822439f1434156e7863", "db5c44a77f10357f5c2c25545b7fbc009616274f9ac1876b00398693d0fc4324", "e326b2d48ccaf17322f86c23cd78900e50facf27b93ce50e4a2902a5f31ac343", "e6c3fc2866b853b6b9d4b5d79cfff89c5687fc70a155a05dcfdd278747d441db", "ef817701f45bb6974cfc0a488fd9a76c4190948c456234490174d1f2112b0a2c", "eff08b53ab4fa2adf4b763e56dd1369d6c1cb2a18d3daee7a5f53b25198c0a36", "f18ad0212b7204f5fae37682ec4760a11e1130c294294cfcd900d202d90ed9d9", "f7e4e8adc959dd65e127ae0865fb278d40b34ee2ae8e41e2c5fa8dc83cea273b"]
secure = ["4dc8dd4b548831c3ad7f94079332c41d67c781eccc32215ff5a8a49582c1a447", "b3bf1e39ebf40040fc3248392343a5052aa14cb45fc87ec91b0bd11f19cc46bd"]
sentinels = ["7be0704d7fe1925e397e92d18669ace2f619c92b5d4eb21a89f31e026f9ff4b1"]
six = ["30639c035cdb23534cd4aa2dd52c3bf48f06e5f4a941509c8bafd8ce11080259", "8b74bedcbbbaca38ff6d7491d76f2b06b3592611af620f8426e82dddb04a5ced"]
toml = ["926b612be1e5ce0634a2ca03470f95169cf16f939018233a670519cb4ac58b0f", "bda89d5935c2eac546d648028b9901107a595863cb36bae0c73ac804a9b4ce88"]
wcwidth = ["cafe2186b3c009a04067022ce1dcd79cb38d8d65ee4f4791b8888d6599d1bbe1", "ee73862862a156bf77ff92b09034fc4825dd3af9cf81bc5b360668d425f3c5f1"]
werkzeug = ["2de2a5db0baeae7b2d2664949077c2ac63fbd16d98da0ff71837f7d1dea3fd43", "6c80b1e5ad3665290ea39320b91e1be1e0d5f60652b964a3070216de83d2e47c"]
zipp = ["aa36550ff0c0b7ef7fa639055d797116ee891440eac1a56f378e2d3179e0320b", "c599e4d75c98f6798c509911d08a22e6c021d074469042177c8c86fb92eefd96"]
